
Microsoft Visual Studio Solution File, Format Version 12.00
# Visual Studio 15
VisualStudioVersion = 15.0.26124.0
MinimumVisualStudioVersion = 15.0.26124.0
Project("{FAE04EC0-301F-11D3-BF4B-00C04F79EFBC}") = "brendan-tests", "brendan-tests.csproj", "{BE160D0E-1DCB-4503-9012-11331797C188}"
EndProject
Project("{FAE04EC0-301F-11D3-BF4B-00C04F79EFBC}") = "EFCore.PG", "..\EFCore.PG\EFCore.PG.csproj", "{4D03834D-C465-4CA7-8574-16DB2E489E14}"
EndProject
Project("{FAE04EC0-301F-11D3-BF4B-00C04F79EFBC}") = "EFCore.PG.NodaTime", "..\EFCore.PG.NodaTime\EFCore.PG.NodaTime.csproj", "{CD387288-2C1F-4142-9860-DD4C1F089290}"
EndProject
Global
	GlobalSection(SolutionConfigurationPlatforms) = preSolution
		Debug|Any CPU = Debug|Any CPU
		Debug|x64 = Debug|x64
		Debug|x86 = Debug|x86
		Release|Any CPU = Release|Any CPU
		Release|x64 = Release|x64
		Release|x86 = Release|x86
	EndGlobalSection
	GlobalSection(SolutionProperties) = preSolution
		HideSolutionNode = FALSE
	EndGlobalSection
	GlobalSection(ProjectConfigurationPlatforms) = postSolution
		{BE160D0E-1DCB-4503-9012-11331797C188}.Debug|Any CPU.ActiveCfg = Debug|Any CPU
		{BE160D0E-1DCB-4503-9012-11331797C188}.Debug|Any CPU.Build.0 = Debug|Any CPU
		{BE160D0E-1DCB-4503-9012-11331797C188}.Debug|x64.ActiveCfg = Debug|Any CPU
		{BE160D0E-1DCB-4503-9012-11331797C188}.Debug|x64.Build.0 = Debug|Any CPU
		{BE160D0E-1DCB-4503-9012-11331797C188}.Debug|x86.ActiveCfg = Debug|Any CPU
		{BE160D0E-1DCB-4503-9012-11331797C188}.Debug|x86.Build.0 = Debug|Any CPU
		{BE160D0E-1DCB-4503-9012-11331797C188}.Release|Any CPU.ActiveCfg = Release|Any CPU
		{BE160D0E-1DCB-4503-9012-11331797C188}.Release|Any CPU.Build.0 = Release|Any CPU
		{BE160D0E-1DCB-4503-9012-11331797C188}.Release|x64.ActiveCfg = Release|Any CPU
		{BE160D0E-1DCB-4503-9012-11331797C188}.Release|x64.Build.0 = Release|Any CPU
		{BE160D0E-1DCB-4503-9012-11331797C188}.Release|x86.ActiveCfg = Release|Any CPU
		{BE160D0E-1DCB-4503-9012-11331797C188}.Release|x86.Build.0 = Release|Any CPU
		{4D03834D-C465-4CA7-8574-16DB2E489E14}.Debug|Any CPU.ActiveCfg = Debug|Any CPU
		{4D03834D-C465-4CA7-8574-16DB2E489E14}.Debug|Any CPU.Build.0 = Debug|Any CPU
		{4D03834D-C465-4CA7-8574-16DB2E489E14}.Debug|x64.ActiveCfg = Debug|Any CPU
		{4D03834D-C465-4CA7-8574-16DB2E489E14}.Debug|x64.Build.0 = Debug|Any CPU
		{4D03834D-C465-4CA7-8574-16DB2E489E14}.Debug|x86.ActiveCfg = Debug|Any CPU
		{4D03834D-C465-4CA7-8574-16DB2E489E14}.Debug|x86.Build.0 = Debug|Any CPU
		{4D03834D-C465-4CA7-8574-16DB2E489E14}.Release|Any CPU.ActiveCfg = Release|Any CPU
		{4D03834D-C465-4CA7-8574-16DB2E489E14}.Release|Any CPU.Build.0 = Release|Any CPU
		{4D03834D-C465-4CA7-8574-16DB2E489E14}.Release|x64.ActiveCfg = Release|Any CPU
		{4D03834D-C465-4CA7-8574-16DB2E489E14}.Release|x64.Build.0 = Release|Any CPU
		{4D03834D-C465-4CA7-8574-16DB2E489E14}.Release|x86.ActiveCfg = Release|Any CPU
		{4D03834D-C465-4CA7-8574-16DB2E489E14}.Release|x86.Build.0 = Release|Any CPU
		{CD387288-2C1F-4142-9860-DD4C1F089290}.Debug|Any CPU.ActiveCfg = Debug|Any CPU
		{CD387288-2C1F-4142-9860-DD4C1F089290}.Debug|Any CPU.Build.0 = Debug|Any CPU
		{CD387288-2C1F-4142-9860-DD4C1F089290}.Debug|x64.ActiveCfg = Debug|Any CPU
		{CD387288-2C1F-4142-9860-DD4C1F089290}.Debug|x64.Build.0 = Debug|Any CPU
		{CD387288-2C1F-4142-9860-DD4C1F089290}.Debug|x86.ActiveCfg = Debug|Any CPU
		{CD387288-2C1F-4142-9860-DD4C1F089290}.Debug|x86.Build.0 = Debug|Any CPU
		{CD387288-2C1F-4142-9860-DD4C1F089290}.Release|Any CPU.ActiveCfg = Release|Any CPU
		{CD387288-2C1F-4142-9860-DD4C1F089290}.Release|Any CPU.Build.0 = Release|Any CPU
		{CD387288-2C1F-4142-9860-DD4C1F089290}.Release|x64.ActiveCfg = Release|Any CPU
		{CD387288-2C1F-4142-9860-DD4C1F089290}.Release|x64.Build.0 = Release|Any CPU
		{CD387288-2C1F-4142-9860-DD4C1F089290}.Release|x86.ActiveCfg = Release|Any CPU
		{CD387288-2C1F-4142-9860-DD4C1F089290}.Release|x86.Build.0 = Release|Any CPU
	EndGlobalSection
EndGlobal
